
Microsoft Visual Studio Solution File, Format Version 12.00
# Visual Studio Version 17
VisualStudioVersion = 17.14.36518.9 d17.14
MinimumVisualStudioVersion = 10.0.40219.1
Project("{FAE04EC0-301F-11D3-BF4B-00C04F79EFBC}") = "OmanClinicSystem", "OmanClinicSystem\OmanClinicSystem.csproj", "{AD4C2492-1A80-4088-97C0-CA9FE1573EF5}"
EndProject
Global
	GlobalSection(SolutionConfigurationPlatforms) = preSolution
		Debug|Any CPU = Debug|Any CPU
		Release|Any CPU = Release|Any CPU
	EndGlobalSection
	GlobalSection(ProjectConfigurationPlatforms) = postSolution
		{AD4C2492-1A80-4088-97C0-CA9FE1573EF5}.Debug|Any CPU.ActiveCfg = Debug|Any CPU
		{AD4C2492-1A80-4088-97C0-CA9FE1573EF5}.Debug|Any CPU.Build.0 = Debug|Any CPU
		{AD4C2492-1A80-4088-97C0-CA9FE1573EF5}.Release|Any CPU.ActiveCfg = Release|Any CPU
		{AD4C2492-1A80-4088-97C0-CA9FE1573EF5}.Release|Any CPU.Build.0 = Release|Any CPU
	EndGlobalSection
	GlobalSection(SolutionProperties) = preSolution
		HideSolutionNode = FALSE
	EndGlobalSection
	GlobalSection(ExtensibilityGlobals) = postSolution
		SolutionGuid = {157E3CC5-A671-4A58-9721-E34CE76073D9}
	EndGlobalSection
EndGlobal
